
Microsoft Visual Studio Solution File, Format Version 12.00
# Visual Studio Version 17
VisualStudioVersion = 17.8.34330.188
MinimumVisualStudioVersion = 10.0.40219.1
Project("{FAE04EC0-301F-11D3-BF4B-00C04F79EFBC}") = "VAXSchedular", "VAXSchedular\VAXSchedular.csproj", "{1D0E4481-E46A-4ECE-8366-13D4D0CA376D}"
EndProject
Project("{FAE04EC0-301F-11D3-BF4B-00C04F79EFBC}") = "VAXSchedular.core", "VAXSchedular.core\VAXSchedular.core.csproj", "{ADD6BC34-F646-4F48-8901-A4671917BEDE}"
EndProject
Project("{FAE04EC0-301F-11D3-BF4B-00C04F79EFBC}") = "VAXSchedular.InfraStructure", "VAXSchedular.InfraStructure\VAXSchedular.InfraStructure.csproj", "{AEE912FD-9D45-48FA-80C3-A7D2283D74B9}"
EndProject
Global
	GlobalSection(SolutionConfigurationPlatforms) = preSolution
		Debug|Any CPU = Debug|Any CPU
		Release|Any CPU = Release|Any CPU
	EndGlobalSection
	GlobalSection(ProjectConfigurationPlatforms) = postSolution
		{1D0E4481-E46A-4ECE-8366-13D4D0CA376D}.Debug|Any CPU.ActiveCfg = Debug|Any CPU
		{1D0E4481-E46A-4ECE-8366-13D4D0CA376D}.Debug|Any CPU.Build.0 = Debug|Any CPU
		{1D0E4481-E46A-4ECE-8366-13D4D0CA376D}.Release|Any CPU.ActiveCfg = Release|Any CPU
		{1D0E4481-E46A-4ECE-8366-13D4D0CA376D}.Release|Any CPU.Build.0 = Release|Any CPU
		{ADD6BC34-F646-4F48-8901-A4671917BEDE}.Debug|Any CPU.ActiveCfg = Debug|Any CPU
		{ADD6BC34-F646-4F48-8901-A4671917BEDE}.Debug|Any CPU.Build.0 = Debug|Any CPU
		{ADD6BC34-F646-4F48-8901-A4671917BEDE}.Release|Any CPU.ActiveCfg = Release|Any CPU
		{ADD6BC34-F646-4F48-8901-A4671917BEDE}.Release|Any CPU.Build.0 = Release|Any CPU
		{AEE912FD-9D45-48FA-80C3-A7D2283D74B9}.Debug|Any CPU.ActiveCfg = Debug|Any CPU
		{AEE912FD-9D45-48FA-80C3-A7D2283D74B9}.Debug|Any CPU.Build.0 = Debug|Any CPU
		{AEE912FD-9D45-48FA-80C3-A7D2283D74B9}.Release|Any CPU.ActiveCfg = Release|Any CPU
		{AEE912FD-9D45-48FA-80C3-A7D2283D74B9}.Release|Any CPU.Build.0 = Release|Any CPU
	EndGlobalSection
	GlobalSection(SolutionProperties) = preSolution
		HideSolutionNode = FALSE
	EndGlobalSection
	GlobalSection(ExtensibilityGlobals) = postSolution
		SolutionGuid = {0E2529BF-7281-4F65-83E1-6832639D50CB}
	EndGlobalSection
EndGlobal
